
Microsoft Visual Studio Solution File, Format Version 12.00
# Visual Studio 2012
Project("{FAE04EC0-301F-11D3-BF4B-00C04F79EFBC}") = "SimpleStorage.iOS", "SimpleStorage.iOS.csproj", "{638A785D-0AF8-429A-9C16-675015A42113}"
EndProject
Project("{FAE04EC0-301F-11D3-BF4B-00C04F79EFBC}") = "Tests", "Tests\Tests.csproj", "{9BB15D9E-E09E-4BEA-AAD4-AB908EE9880A}"
EndProject
Global
	GlobalSection(SolutionConfigurationPlatforms) = preSolution
		Ad-Hoc|Any CPU = Ad-Hoc|Any CPU
		Ad-Hoc|ARM = Ad-Hoc|ARM
		Ad-Hoc|iPhone = Ad-Hoc|iPhone
		Ad-Hoc|iPhoneSimulator = Ad-Hoc|iPhoneSimulator
		Ad-Hoc|Mixed Platforms = Ad-Hoc|Mixed Platforms
		Ad-Hoc|x86 = Ad-Hoc|x86
		AppStore|Any CPU = AppStore|Any CPU
		AppStore|ARM = AppStore|ARM
		AppStore|iPhone = AppStore|iPhone
		AppStore|iPhoneSimulator = AppStore|iPhoneSimulator
		AppStore|Mixed Platforms = AppStore|Mixed Platforms
		AppStore|x86 = AppStore|x86
		Debug|Any CPU = Debug|Any CPU
		Debug|ARM = Debug|ARM
		Debug|iPhone = Debug|iPhone
		Debug|iPhoneSimulator = Debug|iPhoneSimulator
		Debug|Mixed Platforms = Debug|Mixed Platforms
		Debug|x86 = Debug|x86
		Release|Any CPU = Release|Any CPU
		Release|ARM = Release|ARM
		Release|iPhone = Release|iPhone
		Release|iPhoneSimulator = Release|iPhoneSimulator
		Release|Mixed Platforms = Release|Mixed Platforms
		Release|x86 = Release|x86
	EndGlobalSection
	GlobalSection(ProjectConfigurationPlatforms) = postSolution
		{638A785D-0AF8-429A-9C16-675015A42113}.Ad-Hoc|Any CPU.ActiveCfg = Release|Any CPU
		{638A785D-0AF8-429A-9C16-675015A42113}.Ad-Hoc|Any CPU.Build.0 = Release|Any CPU
		{638A785D-0AF8-429A-9C16-675015A42113}.Ad-Hoc|ARM.ActiveCfg = Release|Any CPU
		{638A785D-0AF8-429A-9C16-675015A42113}.Ad-Hoc|iPhone.ActiveCfg = Debug|Any CPU
		{638A785D-0AF8-429A-9C16-675015A42113}.Ad-Hoc|iPhone.Build.0 = Debug|Any CPU
		{638A785D-0AF8-429A-9C16-675015A42113}.Ad-Hoc|iPhoneSimulator.ActiveCfg = Release|Any CPU
		{638A785D-0AF8-429A-9C16-675015A42113}.Ad-Hoc|Mixed Platforms.ActiveCfg = Release|Any CPU
		{638A785D-0AF8-429A-9C16-675015A42113}.Ad-Hoc|Mixed Platforms.Build.0 = Release|Any CPU
		{638A785D-0AF8-429A-9C16-675015A42113}.Ad-Hoc|x86.ActiveCfg = Release|Any CPU
		{638A785D-0AF8-429A-9C16-675015A42113}.AppStore|Any CPU.ActiveCfg = Release|Any CPU
		{638A785D-0AF8-429A-9C16-675015A42113}.AppStore|Any CPU.Build.0 = Release|Any CPU
		{638A785D-0AF8-429A-9C16-675015A42113}.AppStore|ARM.ActiveCfg = Release|Any CPU
		{638A785D-0AF8-429A-9C16-675015A42113}.AppStore|iPhone.ActiveCfg = Debug|Any CPU
		{638A785D-0AF8-429A-9C16-675015A42113}.AppStore|iPhone.Build.0 = Debug|Any CPU
		{638A785D-0AF8-429A-9C16-675015A42113}.AppStore|iPhoneSimulator.ActiveCfg = Release|Any CPU
		{638A785D-0AF8-429A-9C16-675015A42113}.AppStore|Mixed Platforms.ActiveCfg = Release|Any CPU
		{638A785D-0AF8-429A-9C16-675015A42113}.AppStore|Mixed Platforms.Build.0 = Release|Any CPU
		{638A785D-0AF8-429A-9C16-675015A42113}.AppStore|x86.ActiveCfg = Release|Any CPU
		{638A785D-0AF8-429A-9C16-675015A42113}.Debug|Any CPU.ActiveCfg = Debug|Any CPU
		{638A785D-0AF8-429A-9C16-675015A42113}.Debug|Any CPU.Build.0 = Debug|Any CPU
		{638A785D-0AF8-429A-9C16-675015A42113}.Debug|ARM.ActiveCfg = Debug|Any CPU
		{638A785D-0AF8-429A-9C16-675015A42113}.Debug|iPhone.ActiveCfg = Debug|Any CPU
		{638A785D-0AF8-429A-9C16-675015A42113}.Debug|iPhone.Build.0 = Debug|Any CPU
		{638A785D-0AF8-429A-9C16-675015A42113}.Debug|iPhoneSimulator.ActiveCfg = Debug|Any CPU
		{638A785D-0AF8-429A-9C16-675015A42113}.Debug|iPhoneSimulator.Build.0 = Debug|Any CPU
		{638A785D-0AF8-429A-9C16-675015A42113}.Debug|Mixed Platforms.ActiveCfg = Debug|Any CPU
		{638A785D-0AF8-429A-9C16-675015A42113}.Debug|Mixed Platforms.Build.0 = Debug|Any CPU
		{638A785D-0AF8-429A-9C16-675015A42113}.Debug|x86.ActiveCfg = Debug|Any CPU
		{638A785D-0AF8-429A-9C16-675015A42113}.Release|Any CPU.ActiveCfg = Release|Any CPU
		{638A785D-0AF8-429A-9C16-675015A42113}.Release|Any CPU.Build.0 = Release|Any CPU
		{638A785D-0AF8-429A-9C16-675015A42113}.Release|ARM.ActiveCfg = Release|Any CPU
		{638A785D-0AF8-429A-9C16-675015A42113}.Release|iPhone.ActiveCfg = Release|Any CPU
		{638A785D-0AF8-429A-9C16-675015A42113}.Release|iPhone.Build.0 = Release|Any CPU
		{638A785D-0AF8-429A-9C16-675015A42113}.Release|iPhoneSimulator.ActiveCfg = Release|Any CPU
		{638A785D-0AF8-429A-9C16-675015A42113}.Release|iPhoneSimulator.Build.0 = Release|Any CPU
		{638A785D-0AF8-429A-9C16-675015A42113}.Release|Mixed Platforms.ActiveCfg = Release|Any CPU
		{638A785D-0AF8-429A-9C16-675015A42113}.Release|Mixed Platforms.Build.0 = Release|Any CPU
		{638A785D-0AF8-429A-9C16-675015A42113}.Release|x86.ActiveCfg = Release|Any CPU
		{9BB15D9E-E09E-4BEA-AAD4-AB908EE9880A}.Ad-Hoc|Any CPU.ActiveCfg = Ad-Hoc|iPhoneSimulator
		{9BB15D9E-E09E-4BEA-AAD4-AB908EE9880A}.Ad-Hoc|ARM.ActiveCfg = Ad-Hoc|iPhoneSimulator
		{9BB15D9E-E09E-4BEA-AAD4-AB908EE9880A}.Ad-Hoc|iPhone.ActiveCfg = Ad-Hoc|iPhone
		{9BB15D9E-E09E-4BEA-AAD4-AB908EE9880A}.Ad-Hoc|iPhone.Build.0 = Ad-Hoc|iPhone
		{9BB15D9E-E09E-4BEA-AAD4-AB908EE9880A}.Ad-Hoc|iPhoneSimulator.ActiveCfg = Ad-Hoc|iPhoneSimulator
		{9BB15D9E-E09E-4BEA-AAD4-AB908EE9880A}.Ad-Hoc|iPhoneSimulator.Build.0 = Ad-Hoc|iPhoneSimulator
		{9BB15D9E-E09E-4BEA-AAD4-AB908EE9880A}.Ad-Hoc|iPhoneSimulator.Deploy.0 = Ad-Hoc|iPhoneSimulator
		{9BB15D9E-E09E-4BEA-AAD4-AB908EE9880A}.Ad-Hoc|Mixed Platforms.ActiveCfg = Ad-Hoc|iPhoneSimulator
		{9BB15D9E-E09E-4BEA-AAD4-AB908EE9880A}.Ad-Hoc|Mixed Platforms.Build.0 = Ad-Hoc|iPhoneSimulator
		{9BB15D9E-E09E-4BEA-AAD4-AB908EE9880A}.Ad-Hoc|Mixed Platforms.Deploy.0 = Ad-Hoc|iPhoneSimulator
		{9BB15D9E-E09E-4BEA-AAD4-AB908EE9880A}.Ad-Hoc|x86.ActiveCfg = Ad-Hoc|iPhoneSimulator
		{9BB15D9E-E09E-4BEA-AAD4-AB908EE9880A}.AppStore|Any CPU.ActiveCfg = AppStore|iPhoneSimulator
		{9BB15D9E-E09E-4BEA-AAD4-AB908EE9880A}.AppStore|ARM.ActiveCfg = AppStore|iPhoneSimulator
		{9BB15D9E-E09E-4BEA-AAD4-AB908EE9880A}.AppStore|iPhone.ActiveCfg = AppStore|iPhone
		{9BB15D9E-E09E-4BEA-AAD4-AB908EE9880A}.AppStore|iPhone.Build.0 = AppStore|iPhone
		{9BB15D9E-E09E-4BEA-AAD4-AB908EE9880A}.AppStore|iPhoneSimulator.ActiveCfg = AppStore|iPhoneSimulator
		{9BB15D9E-E09E-4BEA-AAD4-AB908EE9880A}.AppStore|iPhoneSimulator.Build.0 = AppStore|iPhoneSimulator
		{9BB15D9E-E09E-4BEA-AAD4-AB908EE9880A}.AppStore|iPhoneSimulator.Deploy.0 = AppStore|iPhoneSimulator
		{9BB15D9E-E09E-4BEA-AAD4-AB908EE9880A}.AppStore|Mixed Platforms.ActiveCfg = AppStore|iPhoneSimulator
		{9BB15D9E-E09E-4BEA-AAD4-AB908EE9880A}.AppStore|Mixed Platforms.Build.0 = AppStore|iPhoneSimulator
		{9BB15D9E-E09E-4BEA-AAD4-AB908EE9880A}.AppStore|Mixed Platforms.Deploy.0 = AppStore|iPhoneSimulator
		{9BB15D9E-E09E-4BEA-AAD4-AB908EE9880A}.AppStore|x86.ActiveCfg = AppStore|iPhoneSimulator
		{9BB15D9E-E09E-4BEA-AAD4-AB908EE9880A}.Debug|Any CPU.ActiveCfg = Debug|iPhoneSimulator
		{9BB15D9E-E09E-4BEA-AAD4-AB908EE9880A}.Debug|Any CPU.Build.0 = Debug|iPhoneSimulator
		{9BB15D9E-E09E-4BEA-AAD4-AB908EE9880A}.Debug|ARM.ActiveCfg = Debug|iPhone
		{9BB15D9E-E09E-4BEA-AAD4-AB908EE9880A}.Debug|iPhone.ActiveCfg = Debug|iPhone
		{9BB15D9E-E09E-4BEA-AAD4-AB908EE9880A}.Debug|iPhone.Build.0 = Debug|iPhone
		{9BB15D9E-E09E-4BEA-AAD4-AB908EE9880A}.Debug|iPhoneSimulator.ActiveCfg = Debug|iPhoneSimulator
		{9BB15D9E-E09E-4BEA-AAD4-AB908EE9880A}.Debug|iPhoneSimulator.Build.0 = Debug|iPhoneSimulator
		{9BB15D9E-E09E-4BEA-AAD4-AB908EE9880A}.Debug|iPhoneSimulator.Deploy.0 = Debug|iPhoneSimulator
		{9BB15D9E-E09E-4BEA-AAD4-AB908EE9880A}.Debug|Mixed Platforms.ActiveCfg = Debug|iPhone
		{9BB15D9E-E09E-4BEA-AAD4-AB908EE9880A}.Debug|Mixed Platforms.Build.0 = Debug|iPhone
		{9BB15D9E-E09E-4BEA-AAD4-AB908EE9880A}.Debug|Mixed Platforms.Deploy.0 = Debug|iPhone
		{9BB15D9E-E09E-4BEA-AAD4-AB908EE9880A}.Debug|x86.ActiveCfg = Debug|iPhone
		{9BB15D9E-E09E-4BEA-AAD4-AB908EE9880A}.Release|Any CPU.ActiveCfg = Release|iPhoneSimulator
		{9BB15D9E-E09E-4BEA-AAD4-AB908EE9880A}.Release|Any CPU.Build.0 = Release|iPhoneSimulator
		{9BB15D9E-E09E-4BEA-AAD4-AB908EE9880A}.Release|ARM.ActiveCfg = Release|iPhone
		{9BB15D9E-E09E-4BEA-AAD4-AB908EE9880A}.Release|iPhone.ActiveCfg = Release|iPhone
		{9BB15D9E-E09E-4BEA-AAD4-AB908EE9880A}.Release|iPhone.Build.0 = Release|iPhone
		{9BB15D9E-E09E-4BEA-AAD4-AB908EE9880A}.Release|iPhoneSimulator.ActiveCfg = Release|iPhoneSimulator
		{9BB15D9E-E09E-4BEA-AAD4-AB908EE9880A}.Release|iPhoneSimulator.Build.0 = Release|iPhoneSimulator
		{9BB15D9E-E09E-4BEA-AAD4-AB908EE9880A}.Release|Mixed Platforms.ActiveCfg = Release|iPhone
		{9BB15D9E-E09E-4BEA-AAD4-AB908EE9880A}.Release|Mixed Platforms.Build.0 = Release|iPhone
		{9BB15D9E-E09E-4BEA-AAD4-AB908EE9880A}.Release|Mixed Platforms.Deploy.0 = Release|iPhone
		{9BB15D9E-E09E-4BEA-AAD4-AB908EE9880A}.Release|x86.ActiveCfg = Release|iPhone
	EndGlobalSection
	GlobalSection(SolutionProperties) = preSolution
		HideSolutionNode = FALSE
	EndGlobalSection
	GlobalSection(MonoDevelopProperties) = preSolution
		StartupItem = Tests\Tests.csproj
	EndGlobalSection
EndGlobal
